// !$*UTF8*$!
{
	archiveVersion = 1;
	classes = {
	};
	objectVersion = 56;
	objects = {

/* Begin PBXBuildFile section */
		9B02D5982A788567004CEB22 /* AppDelegate.swift in Sources */ = {isa = PBXBuildFile; fileRef = 9B02D5972A788567004CEB22 /* AppDelegate.swift */; };
		9B02D59A2A788567004CEB22 /* GameScene.sks in Resources */ = {isa = PBXBuildFile; fileRef = 9B02D5992A788567004CEB22 /* GameScene.sks */; };
		9B02D59E2A788567004CEB22 /* GameScene.swift in Sources */ = {isa = PBXBuildFile; fileRef = 9B02D59D2A788567004CEB22 /* GameScene.swift */; };
		9B02D5A02A788567004CEB22 /* GameViewController.swift in Sources */ = {isa = PBXBuildFile; fileRef = 9B02D59F2A788567004CEB22 /* GameViewController.swift */; };
		9B02D5A32A788567004CEB22 /* Main.storyboard in Resources */ = {isa = PBXBuildFile; fileRef = 9B02D5A12A788567004CEB22 /* Main.storyboard */; };
		9B02D5A52A78856A004CEB22 /* Assets.xcassets in Resources */ = {isa = PBXBuildFile; fileRef = 9B02D5A42A78856A004CEB22 /* Assets.xcassets */; };
		9B02D5A82A78856A004CEB22 /* LaunchScreen.storyboard in Resources */ = {isa = PBXBuildFile; fileRef = 9B02D5A62A78856A004CEB22 /* LaunchScreen.storyboard */; };
		9B02D5B02A79D0F3004CEB22 /* whackBad.caf in Resources */ = {isa = PBXBuildFile; fileRef = 9B02D5AE2A79D0F3004CEB22 /* whackBad.caf */; };
		9B02D5B12A79D0F3004CEB22 /* whack.caf in Resources */ = {isa = PBXBuildFile; fileRef = 9B02D5AF2A79D0F3004CEB22 /* whack.caf */; };
		9BB0AFB12A79D42600977C2B /* WhackSlot.swift in Sources */ = {isa = PBXBuildFile; fileRef = 9BB0AFB02A79D42600977C2B /* WhackSlot.swift */; };
/* End PBXBuildFile section */

/* Begin PBXFileReference section */
		9B02D5942A788567004CEB22 /* Whack-a-Penguin.app */ = {isa = PBXFileReference; explicitFileType = wrapper.application; includeInIndex = 0; path = "Whack-a-Penguin.app"; sourceTree = BUILT_PRODUCTS_DIR; };
		9B02D5972A788567004CEB22 /* AppDelegate.swift */ = {isa = PBXFileReference; lastKnownFileType = sourcecode.swift; path = AppDelegate.swift; sourceTree = "<group>"; };
		9B02D5992A788567004CEB22 /* GameScene.sks */ = {isa = PBXFileReference; lastKnownFileType = file.sks; path = GameScene.sks; sourceTree = "<group>"; };
		9B02D59D2A788567004CEB22 /* GameScene.swift */ = {isa = PBXFileReference; lastKnownFileType = sourcecode.swift; path = GameScene.swift; sourceTree = "<group>"; };
		9B02D59F2A788567004CEB22 /* GameViewController.swift */ = {isa = PBXFileReference; lastKnownFileType = sourcecode.swift; path = GameViewController.swift; sourceTree = "<group>"; };
		9B02D5A22A788567004CEB22 /* Base */ = {isa = PBXFileReference; lastKnownFileType = file.storyboard; name = Base; path = Base.lproj/Main.storyboard; sourceTree = "<group>"; };
		9B02D5A42A78856A004CEB22 /* Assets.xcassets */ = {isa = PBXFileReference; lastKnownFileType = folder.assetcatalog; path = Assets.xcassets; sourceTree = "<group>"; };
		9B02D5A72A78856A004CEB22 /* Base */ = {isa = PBXFileReference; lastKnownFileType = file.storyboard; name = Base; path = Base.lproj/LaunchScreen.storyboard; sourceTree = "<group>"; };
		9B02D5AE2A79D0F3004CEB22 /* whackBad.caf */ = {isa = PBXFileReference; lastKnownFileType = file; path = whackBad.caf; sourceTree = "<group>"; };
		9B02D5AF2A79D0F3004CEB22 /* whack.caf */ = {isa = PBXFileReference; lastKnownFileType = file; path = whack.caf; sourceTree = "<group>"; };
		9BB0AFB02A79D42600977C2B /* WhackSlot.swift */ = {isa = PBXFileReference; fileEncoding = 4; lastKnownFileType = sourcecode.swift; path = WhackSlot.swift; sourceTree = "<group>"; };
/* End PBXFileReference section */

/* Begin PBXFrameworksBuildPhase section */
		9B02D5912A788567004CEB22 /* Frameworks */ = {
			isa = PBXFrameworksBuildPhase;
			buildActionMask = 2147483647;
			files = (
			);
			runOnlyForDeploymentPostprocessing = 0;
		};
/* End PBXFrameworksBuildPhase section */

/* Begin PBXGroup section */
		9B02D58B2A788567004CEB22 = {
			isa = PBXGroup;
			children = (
				9B02D5962A788567004CEB22 /* Whack-a-Penguin */,
				9B02D5952A788567004CEB22 /* Products */,
			);
			sourceTree = "<group>";
		};
		9B02D5952A788567004CEB22 /* Products */ = {
			isa = PBXGroup;
			children = (
				9B02D5942A788567004CEB22 /* Whack-a-Penguin.app */,
			);
			name = Products;
			sourceTree = "<group>";
		};
		9B02D5962A788567004CEB22 /* Whack-a-Penguin */ = {
			isa = PBXGroup;
			children = (
				9B02D5972A788567004CEB22 /* AppDelegate.swift */,
				9B02D5992A788567004CEB22 /* GameScene.sks */,
				9B02D59D2A788567004CEB22 /* GameScene.swift */,
				9B02D59F2A788567004CEB22 /* GameViewController.swift */,
				9BB0AFB02A79D42600977C2B /* WhackSlot.swift */,
				9B02D5A12A788567004CEB22 /* Main.storyboard */,
				9B02D5A42A78856A004CEB22 /* Assets.xcassets */,
				9B02D5A62A78856A004CEB22 /* LaunchScreen.storyboard */,
				9B02D5AF2A79D0F3004CEB22 /* whack.caf */,
				9B02D5AE2A79D0F3004CEB22 /* whackBad.caf */,
			);
			path = "Whack-a-Penguin";
			sourceTree = "<group>";
		};
/* End PBXGroup section */

/* Begin PBXNativeTarget section */
		9B02D5932A788567004CEB22 /* Whack-a-Penguin */ = {
			isa = PBXNativeTarget;
			buildConfigurationList = 9B02D5AB2A78856A004CEB22 /* Build configuration list for PBXNativeTarget "Whack-a-Penguin" */;
			buildPhases = (
				9B02D5902A788567004CEB22 /* Sources */,
				9B02D5912A788567004CEB22 /* Frameworks */,
				9B02D5922A788567004CEB22 /* Resources */,
			);
			buildRules = (
			);
			dependencies = (
			);
			name = "Whack-a-Penguin";
			productName = "Whack-a-Penguin";
			productReference = 9B02D5942A788567004CEB22 /* Whack-a-Penguin.app */;
			productType = "com.apple.product-type.application";
		};
/* End PBXNativeTarget section */

/* Begin PBXProject section */
		9B02D58C2A788567004CEB22 /* Project object */ = {
			isa = PBXProject;
			attributes = {
				BuildIndependentTargetsInParallel = 1;
				LastSwiftUpdateCheck = 1500;
				LastUpgradeCheck = 1500;
				TargetAttributes = {
					9B02D5932A788567004CEB22 = {
						CreatedOnToolsVersion = 15.0;
					};
				};
			};
			buildConfigurationList = 9B02D58F2A788567004CEB22 /* Build configuration list for PBXProject "Whack-a-Penguin" */;
			compatibilityVersion = "Xcode 14.0";
			developmentRegion = en;
			hasScannedForEncodings = 0;
			knownRegions = (
				en,
				Base,
			);
			mainGroup = 9B02D58B2A788567004CEB22;
			productRefGroup = 9B02D5952A788567004CEB22 /* Products */;
			projectDirPath = "";
			projectRoot = "";
			targets = (
				9B02D5932A788567004CEB22 /* Whack-a-Penguin */,
			);
		};
/* End PBXProject section */

/* Begin PBXResourcesBuildPhase section */
		9B02D5922A788567004CEB22 /* Resources */ = {
			isa = PBXResourcesBuildPhase;
			buildActionMask = 2147483647;
			files = (
				9B02D5B02A79D0F3004CEB22 /* whackBad.caf in Resources */,
				9B02D5A32A788567004CEB22 /* Main.storyboard in Resources */,
				9B02D59A2A788567004CEB22 /* GameScene.sks in Resources */,
				9B02D5A52A78856A004CEB22 /* Assets.xcassets in Resources */,
				9B02D5A82A78856A004CEB22 /* LaunchScreen.storyboard in Resources */,
				9B02D5B12A79D0F3004CEB22 /* whack.caf in Resources */,
			);
			runOnlyForDeploymentPostprocessing = 0;
		};
/* End PBXResourcesBuildPhase section */

/* Begin PBXSourcesBuildPhase section */
		9B02D5902A788567004CEB22 /* Sources */ = {
			isa = PBXSourcesBuildPhase;
			buildActionMask = 2147483647;
			files = (
				9B02D59E2A788567004CEB22 /* GameScene.swift in Sources */,
				9B02D5A02A788567004CEB22 /* GameViewController.swift in Sources */,
				9BB0AFB12A79D42600977C2B /* WhackSlot.swift in Sources */,
				9B02D5982A788567004CEB22 /* AppDelegate.swift in Sources */,
			);
			runOnlyForDeploymentPostprocessing = 0;
		};
/* End PBXSourcesBuildPhase section */

/* Begin PBXVariantGroup section */
		9B02D5A12A788567004CEB22 /* Main.storyboard */ = {
			isa = PBXVariantGroup;
			children = (
				9B02D5A22A788567004CEB22 /* Base */,
			);
			name = Main.storyboard;
			sourceTree = "<group>";
		};
		9B02D5A62A78856A004CEB22 /* LaunchScreen.storyboard */ = {
			isa = PBXVariantGroup;
			children = (
				9B02D5A72A78856A004CEB22 /* Base */,
			);
			name = LaunchScreen.storyboard;
			sourceTree = "<group>";
		};
/* End PBXVariantGroup section */

/* Begin XCBuildConfiguration section */
		9B02D5A92A78856A004CEB22 /* Debug */ = {
			isa = XCBuildConfiguration;
			buildSettings = {
				ALWAYS_SEARCH_USER_PATHS = NO;
				ASSETCATALOG_COMPILER_GENERATE_SWIFT_ASSET_SYMBOL_EXTENSIONS = YES;
				CLANG_ANALYZER_NONNULL = YES;
				CLANG_ANALYZER_NUMBER_OBJECT_CONVERSION = YES_AGGRESSIVE;
				CLANG_CXX_LANGUAGE_STANDARD = "gnu++20";
				CLANG_ENABLE_MODULES = YES;
				CLANG_ENABLE_OBJC_ARC = YES;
				CLANG_ENABLE_OBJC_WEAK = YES;
				CLANG_WARN_BLOCK_CAPTURE_AUTORELEASING = YES;
				CLANG_WARN_BOOL_CONVERSION = YES;
				CLANG_WARN_COMMA = YES;
				CLANG_WARN_CONSTANT_CONVERSION = YES;
				CLANG_WARN_DEPRECATED_OBJC_IMPLEMENTATIONS = YES;
				CLANG_WARN_DIRECT_OBJC_ISA_USAGE = YES_ERROR;
				CLANG_WARN_DOCUMENTATION_COMMENTS = YES;
				CLANG_WARN_EMPTY_BODY = YES;
				CLANG_WARN_ENUM_CONVERSION = YES;
				CLANG_WARN_INFINITE_RECURSION = YES;
				CLANG_WARN_INT_CONVERSION = YES;
				CLANG_WARN_NON_LITERAL_NULL_CONVERSION = YES;
				CLANG_WARN_OBJC_IMPLICIT_RETAIN_SELF = YES;
				CLANG_WARN_OBJC_LITERAL_CONVERSION = YES;
				CLANG_WARN_OBJC_ROOT_CLASS = YES_ERROR;
				CLANG_WARN_QUOTED_INCLUDE_IN_FRAMEWORK_HEADER = YES;
				CLANG_WARN_RANGE_LOOP_ANALYSIS = YES;
				CLANG_WARN_STRICT_PROTOTYPES = YES;
				CLANG_WARN_SUSPICIOUS_MOVE = YES;
				CLANG_WARN_UNGUARDED_AVAILABILITY = YES_AGGRESSIVE;
				CLANG_WARN_UNREACHABLE_CODE = YES;
				CLANG_WARN__DUPLICATE_METHOD_MATCH = YES;
				COPY_PHASE_STRIP = NO;
				DEBUG_INFORMATION_FORMAT = dwarf;
				ENABLE_STRICT_OBJC_MSGSEND = YES;
				ENABLE_TESTABILITY = YES;
				ENABLE_USER_SCRIPT_SANDBOXING = YES;
				GCC_C_LANGUAGE_STANDARD = gnu17;
				GCC_DYNAMIC_NO_PIC = NO;
				GCC_NO_COMMON_BLOCKS = YES;
				GCC_OPTIMIZATION_LEVEL = 0;
				GCC_PREPROCESSOR_DEFINITIONS = (
					"DEBUG=1",
					"$(inherited)",
				);
				GCC_WARN_64_TO_32_BIT_CONVERSION = YES;
				GCC_WARN_ABOUT_RETURN_TYPE = YES_ERROR;
				GCC_WARN_UNDECLARED_SELECTOR = YES;
				GCC_WARN_UNINITIALIZED_AUTOS = YES_AGGRESSIVE;
				GCC_WARN_UNUSED_FUNCTION = YES;
				GCC_WARN_UNUSED_VARIABLE = YES;
				IPHONEOS_DEPLOYMENT_TARGET = 17.0;
				LOCALIZATION_PREFERS_STRING_CATALOGS = YES;
				MTL_ENABLE_DEBUG_INFO = INCLUDE_SOURCE;
				MTL_FAST_MATH = YES;
				ONLY_ACTIVE_ARCH = YES;
				SDKROOT = iphoneos;
				SWIFT_ACTIVE_COMPILATION_CONDITIONS = "DEBUG $(inherited)";
				SWIFT_OPTIMIZATION_LEVEL = "-Onone";
			};
			name = Debug;
		};
		9B02D5AA2A78856A004CEB22 /* Release */ = {
			isa = XCBuildConfiguration;
			buildSettings = {
				ALWAYS_SEARCH_USER_PATHS = NO;
				ASSETCATALOG_COMPILER_GENERATE_SWIFT_ASSET_SYMBOL_EXTENSIONS = YES;
				CLANG_ANALYZER_NONNULL = YES;
				CLANG_ANALYZER_NUMBER_OBJECT_CONVERSION = YES_AGGRESSIVE;
				CLANG_CXX_LANGUAGE_STANDARD = "gnu++20";
				CLANG_ENABLE_MODULES = YES;
				CLANG_ENABLE_OBJC_ARC = YES;
				CLANG_ENABLE_OBJC_WEAK = YES;
				CLANG_WARN_BLOCK_CAPTURE_AUTORELEASING = YES;
				CLANG_WARN_BOOL_CONVERSION = YES;
				CLANG_WARN_COMMA = YES;
				CLANG_WARN_CONSTANT_CONVERSION = YES;
				CLANG_WARN_DEPRECATED_OBJC_IMPLEMENTATIONS = YES;
				CLANG_WARN_DIRECT_OBJC_ISA_USAGE = YES_ERROR;
				CLANG_WARN_DOCUMENTATION_COMMENTS = YES;
				CLANG_WARN_EMPTY_BODY = YES;
				CLANG_WARN_ENUM_CONVERSION = YES;
				CLANG_WARN_INFINITE_RECURSION = YES;
				CLANG_WARN_INT_CONVERSION = YES;
				CLANG_WARN_NON_LITERAL_NULL_CONVERSION = YES;
				CLANG_WARN_OBJC_IMPLICIT_RETAIN_SELF = YES;
				CLANG_WARN_OBJC_LITERAL_CONVERSION = YES;
				CLANG_WARN_OBJC_ROOT_CLASS = YES_ERROR;
				CLANG_WARN_QUOTED_INCLUDE_IN_FRAMEWORK_HEADER = YES;
				CLANG_WARN_RANGE_LOOP_ANALYSIS = YES;
				CLANG_WARN_STRICT_PROTOTYPES = YES;
				CLANG_WARN_SUSPICIOUS_MOVE = YES;
				CLANG_WARN_UNGUARDED_AVAILABILITY = YES_AGGRESSIVE;
				CLANG_WARN_UNREACHABLE_CODE = YES;
				CLANG_WARN__DUPLICATE_METHOD_MATCH = YES;
				COPY_PHASE_STRIP = NO;
				DEBUG_INFORMATION_FORMAT = "dwarf-with-dsym";
				ENABLE_NS_ASSERTIONS = NO;
				ENABLE_STRICT_OBJC_MSGSEND = YES;
				ENABLE_USER_SCRIPT_SANDBOXING = YES;
				GCC_C_LANGUAGE_STANDARD = gnu17;
				GCC_NO_COMMON_BLOCKS = YES;
				GCC_WARN_64_TO_32_BIT_CONVERSION = YES;
				GCC_WARN_ABOUT_RETURN_TYPE = YES_ERROR;
				GCC_WARN_UNDECLARED_SELECTOR = YES;
				GCC_WARN_UNINITIALIZED_AUTOS = YES_AGGRESSIVE;
				GCC_WARN_UNUSED_FUNCTION = YES;
				GCC_WARN_UNUSED_VARIABLE = YES;
				IPHONEOS_DEPLOYMENT_TARGET = 17.0;
				LOCALIZATION_PREFERS_STRING_CATALOGS = YES;
				MTL_ENABLE_DEBUG_INFO = NO;
				MTL_FAST_MATH = YES;
				SDKROOT = iphoneos;
				SWIFT_COMPILATION_MODE = wholemodule;
				VALIDATE_PRODUCT = YES;
			};
			name = Release;
		};
		9B02D5AC2A78856A004CEB22 /* Debug */ = {
			isa = XCBuildConfiguration;
			buildSettings = {
				ASSETCATALOG_COMPILER_APPICON_NAME = AppIcon;
				ASSETCATALOG_COMPILER_GLOBAL_ACCENT_COLOR_NAME = AccentColor;
				CODE_SIGN_STYLE = Automatic;
				CURRENT_PROJECT_VERSION = 1;
				DEVELOPMENT_TEAM = X6V95URS4Y;
				GENERATE_INFOPLIST_FILE = YES;
				INFOPLIST_KEY_UIApplicationSupportsIndirectInputEvents = YES;
				INFOPLIST_KEY_UILaunchStoryboardName = LaunchScreen;
				INFOPLIST_KEY_UIMainStoryboardFile = Main;
				INFOPLIST_KEY_UIStatusBarHidden = YES;
				INFOPLIST_KEY_UISupportedInterfaceOrientations = "UIInterfaceOrientationLandscapeLeft UIInterfaceOrientationLandscapeRight";
				LD_RUNPATH_SEARCH_PATHS = (
					"$(inherited)",
					"@executable_path/Frameworks",
				);
				MARKETING_VERSION = 1.0;
				PRODUCT_BUNDLE_IDENTIFIER = "com.tonyalhwayek.Whack-a-Penguin";
				PRODUCT_NAME = "$(TARGET_NAME)";
				SUPPORTED_PLATFORMS = "iphoneos iphonesimulator";
				SUPPORTS_MACCATALYST = NO;
				SUPPORTS_MAC_DESIGNED_FOR_IPHONE_IPAD = NO;
				SUPPORTS_XR_DESIGNED_FOR_IPHONE_IPAD = NO;
				SWIFT_EMIT_LOC_STRINGS = YES;
				SWIFT_VERSION = 5.0;
				TARGETED_DEVICE_FAMILY = 2;
			};
			name = Debug;
		};
		9B02D5AD2A78856A004CEB22 /* Release */ = {
			isa = XCBuildConfiguration;
			buildSettings = {
				ASSETCATALOG_COMPILER_APPICON_NAME = AppIcon;
				ASSETCATALOG_COMPILER_GLOBAL_ACCENT_COLOR_NAME = AccentColor;
				CODE_SIGN_STYLE = Automatic;
				CURRENT_PROJECT_VERSION = 1;
				DEVELOPMENT_TEAM = X6V95URS4Y;
				GENERATE_INFOPLIST_FILE = YES;
				INFOPLIST_KEY_UIApplicationSupportsIndirectInputEvents = YES;
				INFOPLIST_KEY_UILaunchStoryboardName = LaunchScreen;
				INFOPLIST_KEY_UIMainStoryboardFile = Main;
				INFOPLIST_KEY_UIStatusBarHidden = YES;
				INFOPLIST_KEY_UISupportedInterfaceOrientations = "UIInterfaceOrientationLandscapeLeft UIInterfaceOrientationLandscapeRight";
				LD_RUNPATH_SEARCH_PATHS = (
					"$(inherited)",
					"@executable_path/Frameworks",
				);
				MARKETING_VERSION = 1.0;
				PRODUCT_BUNDLE_IDENTIFIER = "com.tonyalhwayek.Whack-a-Penguin";
				PRODUCT_NAME = "$(TARGET_NAME)";
				SUPPORTED_PLATFORMS = "iphoneos iphonesimulator";
				SUPPORTS_MACCATALYST = NO;
				SUPPORTS_MAC_DESIGNED_FOR_IPHONE_IPAD = NO;
				SUPPORTS_XR_DESIGNED_FOR_IPHONE_IPAD = NO;
				SWIFT_EMIT_LOC_STRINGS = YES;
				SWIFT_VERSION = 5.0;
				TARGETED_DEVICE_FAMILY = 2;
			};
			name = Release;
		};
/* End XCBuildConfiguration section */

/* Begin XCConfigurationList section */
		9B02D58F2A788567004CEB22 /* Build configuration list for PBXProject "Whack-a-Penguin" */ = {
			isa = XCConfigurationList;
			buildConfigurations = (
				9B02D5A92A78856A004CEB22 /* Debug */,
				9B02D5AA2A78856A004CEB22 /* Release */,
			);
			defaultConfigurationIsVisible = 0;
			defaultConfigurationName = Release;
		};
		9B02D5AB2A78856A004CEB22 /* Build configuration list for PBXNativeTarget "Whack-a-Penguin" */ = {
			isa = XCConfigurationList;
			buildConfigurations = (
				9B02D5AC2A78856A004CEB22 /* Debug */,
				9B02D5AD2A78856A004CEB22 /* Release */,
			);
			defaultConfigurationIsVisible = 0;
			defaultConfigurationName = Release;
		};
/* End XCConfigurationList section */
	};
	rootObject = 9B02D58C2A788567004CEB22 /* Project object */;
}
